lockfileVersion: '9.0'

settings:
  autoInstallPeers: true
  excludeLinksFromLockfile: false

importers:

  .:
    dependencies:
      '@prisma/client':
        specifier: ^7.6.0
        version: 7.6.0(typescript@5.9.3)
    devDependencies:
      '@types/node':
        specifier: ^25.5.2
        version: 25.5.2
      prettier:
        specifier: ^3.5.0
        version: 3.8.1
      turbo:
        specifier: ^2.1.0
        version: 2.9.3
      typescript:
        specifier: ^5.7.0
        version: 5.9.3

packages:

  '@prisma/client-runtime-utils@7.6.0':
    resolution: {integrity: sha512-fD7jlqubsZvVODKvsp9lOpXVecx2aWGxC2l35Ioz2t+teUJ5CfR0SAMsi7UkU1VvaZmmm+DS6BdujF622nY7tQ==}

  '@prisma/client@7.6.0':
    resolution: {integrity: sha512-7Pe/1ayh3GgWPEg4mmT4ax77LJ1wC+XlnIFvQ94bLP2DsUnOpnruQQR3Jw7r+Frthk94QqDNxo3FjSg8h9PXeQ==}
    engines: {node: ^20.19 || ^22.12 || >=24.0}
    peerDependencies:
      prisma: '*'
      typescript: '>=5.4.0'
    peerDependenciesMeta:
      prisma:
        optional: true
      typescript:
        optional: true

  '@turbo/darwin-64@2.9.3':
    resolution: {integrity: sha512-P8foouaP+y/p+hhEGBoZpzMbpVvUMwPjDpcy6wN7EYfvvyISD1USuV27qWkczecihwuPJzQ1lDBuL8ERcavTyg==}
    cpu: [x64]
    os: [darwin]

  '@turbo/darwin-arm64@2.9.3':
    resolution: {integrity: sha512-SIzEkvtNdzdI50FJDaIQ6kQGqgSSdFPcdn0wqmmONN6iGKjy6hsT+EH99GP65FsfV7DLZTh2NmtTIRl2kdoz5Q==}
    cpu: [arm64]
    os: [darwin]

  '@turbo/linux-64@2.9.3':
    resolution: {integrity: sha512-pLRwFmcHHNBvsCySLS6OFabr/07kDT2pxEt/k6eBf/3asiVQZKJ7Rk88AafQx2aYA641qek4RsXvYO3JYpiBug==}
    cpu: [x64]
    os: [linux]

  '@turbo/linux-arm64@2.9.3':
    resolution: {integrity: sha512-gy6ApUroC2Nzv+qjGtE/uPNkhHAFU4c8God+zd5Aiv9L9uBgHlxVJpHT3XWl5xwlJZ2KWuMrlHTaS5kmNB+q1Q==}
    cpu: [arm64]
    os: [linux]

  '@turbo/windows-64@2.9.3':
    resolution: {integrity: sha512-d0YelTX6hAsB7kIEtGB3PzIzSfAg3yDoUlHwuwJc3adBXUsyUIs0YLG+1NNtuhcDOUGnWQeKUoJ2pGWvbpRj7w==}
    cpu: [x64]
    os: [win32]

  '@turbo/windows-arm64@2.9.3':
    resolution: {integrity: sha512-/08CwpKJl3oRY8nOlh2YgilZVJDHsr60XTNxRhuDeuFXONpUZ5X+Nv65izbG/xBew9qxcJFbDX9/sAmAX+ITcQ==}
    cpu: [arm64]
    os: [win32]

  '@types/node@25.5.2':
    resolution: {integrity: sha512-tO4ZIRKNC+MDWV4qKVZe3Ql/woTnmHDr5JD8UI5hn2pwBrHEwOEMZK7WlNb5RKB6EoJ02gwmQS9OrjuFnZYdpg==}

  prettier@3.8.1:
    resolution: {integrity: sha512-UOnG6LftzbdaHZcKoPFtOcCKztrQ57WkHDeRD9t/PTQtmT0NHSeWWepj6pS0z/N7+08BHFDQVUrfmfMRcZwbMg==}
    engines: {node: '>=14'}
    hasBin: true

  turbo@2.9.3:
    resolution: {integrity: sha512-J/VUvsGRykPb9R8Kh8dHVBOqioDexLk9BhLCU/ZybRR+HN9UR3cURdazFvNgMDt9zPP8TF6K73Z+tplfmi0PqQ==}
    hasBin: true

  typescript@5.9.3:
    resolution: {integrity: sha512-jl1vZzPDinLr9eUt3J/t7V6FgNEw9QjvBPdysz9KfQDD41fQrC2Y4vKQdiaUpFT4bXlb1RHhLpp8wtm6M5TgSw==}
    engines: {node: '>=14.17'}
    hasBin: true

  undici-types@7.18.2:
    resolution: {integrity: sha512-AsuCzffGHJybSaRrmr5eHr81mwJU3kjw6M+uprWvCXiNeN9SOGwQ3Jn8jb8m3Z6izVgknn1R0FTCEAP2QrLY/w==}

snapshots:

  '@prisma/client-runtime-utils@7.6.0': {}

  '@prisma/client@7.6.0(typescript@5.9.3)':
    dependencies:
      '@prisma/client-runtime-utils': 7.6.0
    optionalDependencies:
      typescript: 5.9.3

  '@turbo/darwin-64@2.9.3':
    optional: true

  '@turbo/darwin-arm64@2.9.3':
    optional: true

  '@turbo/linux-64@2.9.3':
    optional: true

  '@turbo/linux-arm64@2.9.3':
    optional: true

  '@turbo/windows-64@2.9.3':
    optional: true

  '@turbo/windows-arm64@2.9.3':
    optional: true

  '@types/node@25.5.2':
    dependencies:
      undici-types: 7.18.2

  prettier@3.8.1: {}

  turbo@2.9.3:
    optionalDependencies:
      '@turbo/darwin-64': 2.9.3
      '@turbo/darwin-arm64': 2.9.3
      '@turbo/linux-64': 2.9.3
      '@turbo/linux-arm64': 2.9.3
      '@turbo/windows-64': 2.9.3
      '@turbo/windows-arm64': 2.9.3

  typescript@5.9.3: {}

  undici-types@7.18.2: {}
